<?xml version="1.0" encoding="utf-8"?>
<Project ToolsVersion="4.0" xmlns="http://schemas.microsoft.com/developer/msbuild/2003">
  <ItemGroup>
    <Filter Include="Source Files">
      <UniqueIdentifier>{4FC737F1-C7A5-4376-A066-2A32D752A2FF}</UniqueIdentifier>
      <Extensions>cpp;c;cc;cxx;c++;cppm;ixx;def;odl;idl;hpj;bat;asm;asmx</Extensions>
    </Filter>
    <Filter Include="Header Files">
      <UniqueIdentifier>{93995380-89BD-4b04-88EB-625FBE52EBFB}</UniqueIdentifier>
      <Extensions>h;hh;hpp;hxx;h++;hm;inl;inc;ipp;xsd</Extensions>
    </Filter>
    <Filter Include="Resource Files">
      <UniqueIdentifier>{67DA6AB6-F800-4c08-8B7A-83BB121AAD01}</UniqueIdentifier>
      <Extensions>rc;ico;cur;bmp;dlg;rc2;rct;bin;rgs;gif;jpg;jpeg;jpe;resx;tiff;tif;png;wav;mfcribbon-ms</Extensions>
    </Filter>
  </ItemGroup>
  <ItemGroup>
    <ClCompile Include="GameAPI.cpp">
      <Filter>Source Files</Filter>
    </ClCompile>
    <ClCompile Include="GameCore.cpp">
      <Filter>Source Files</Filter>
    </ClCompile>
    <ClCompile Include="GameRules.cpp">
      <Filter>Source Files</Filter>
    </ClCompile>
    <ClCompile Include="GameAI.cpp">
      <Filter>Source Files</Filter>
    </ClCompile>
    <ClCompile Include="SaveLoad.cpp">
      <Filter>Source Files</Filter>
    </ClCompile>
    <ClCompile Include="Main.cpp">
      <Filter>Source Files</Filter>
    </ClCompile>
    <ClCompile Include="GameSetting.cpp">
      <Filter>Source Files</Filter>
    </ClCompile>
    <ClCompile Include="GameSession.cpp">
      <Filter>Source Files</Filter>
    </ClCompile>
    <ClCompile Include="MenuContext.cpp">
      <Filter>Source Files</Filter>
    </ClCompile>
    <ClCompile Include="MenuNavigation.cpp">
      <Filter>Source Files</Filter>
    </ClCompile>
    <ClCompile Include="MenuText.cpp">
      <Filter>Source Files</Filter>
    </ClCompile>
    <ClCompile Include="MenuSaveSlots.cpp">
      <Filter>Source Files</Filter>
    </ClCompile>
    <ClCompile Include="MainMenuController.cpp">
      <Filter>Source Files</Filter>
    </ClCompile>
    <ClCompile Include="NewGameMenuController.cpp">
      <Filter>Source Files</Filter>
    </ClCompile>
    <ClCompile Include="SettingsMenuController.cpp">
      <Filter>Source Files</Filter>
    </ClCompile>
    <ClCompile Include="LoadMenuController.cpp">
      <Filter>Source Files</Filter>
    </ClCompile>
    <ClCompile Include="SaveMenuController.cpp">
      <Filter>Source Files</Filter>
    </ClCompile>
    <ClCompile Include="PauseMenuController.cpp">
      <Filter>Source Files</Filter>
    </ClCompile>
    <ClCompile Include="ResultMenuController.cpp">
      <Filter>Source Files</Filter>
    </ClCompile>
    <ClCompile Include="InforMenuController.cpp">
      <Filter>Source Files</Filter>
    </ClCompile>
    <ClCompile Include="MenuFacade.cpp">
      <Filter>Source Files</Filter>
    </ClCompile>
    <ClCompile Include="ConsoleAudio.cpp">
      <Filter>Source Files</Filter>
    </ClCompile>
    <ClCompile Include="ConsoleRenderer.cpp">
      <Filter>Source Files</Filter>
    </ClCompile>
  </ItemGroup>
  <ItemGroup>
    <ClInclude Include="Config.h">
      <Filter>Header Files</Filter>
    </ClInclude>
    <ClInclude Include="Types.h">
      <Filter>Header Files</Filter>
    </ClInclude>
    <ClInclude Include="GameAPI.h">
      <Filter>Header Files</Filter>
    </ClInclude>
    <ClInclude Include="GameAI.h">
      <Filter>Header Files</Filter>
    </ClInclude>
    <ClInclude Include="GameCore.h">
      <Filter>Header Files</Filter>
    </ClInclude>
    <ClInclude Include="GameRules.h">
      <Filter>Header Files</Filter>
    </ClInclude>
    <ClInclude Include="SaveLoad.h">
      <Filter>Header Files</Filter>
    </ClInclude>
    <ClInclude Include="GameSetting.h">
      <Filter>Header Files</Filter>
    </ClInclude>
    <ClInclude Include="GameSession.h">
      <Filter>Header Files</Filter>
    </ClInclude>
    <ClInclude Include="MenuTypes.h">
      <Filter>Header Files</Filter>
    </ClInclude>
    <ClInclude Include="MenuContext.h">
      <Filter>Header Files</Filter>
    </ClInclude>
    <ClInclude Include="MenuNavigation.h">
      <Filter>Header Files</Filter>
    </ClInclude>
    <ClInclude Include="MenuText.h">
      <Filter>Header Files</Filter>
    </ClInclude>
    <ClInclude Include="MenuSaveSlots.h">
      <Filter>Header Files</Filter>
    </ClInclude>
    <ClInclude Include="MainMenuController.h">
      <Filter>Header Files</Filter>
    </ClInclude>
    <ClInclude Include="NewGameMenuController.h">
      <Filter>Header Files</Filter>
    </ClInclude>
    <ClInclude Include="SettingsMenuController.h">
      <Filter>Header Files</Filter>
    </ClInclude>
    <ClInclude Include="LoadMenuController.h">
      <Filter>Header Files</Filter>
    </ClInclude>
    <ClInclude Include="SaveMenuController.h">
      <Filter>Header Files</Filter>
    </ClInclude>
    <ClInclude Include="PauseMenuController.h">
      <Filter>Header Files</Filter>
    </ClInclude>
    <ClInclude Include="ResultMenuController.h">
      <Filter>Header Files</Filter>
    </ClInclude>
    <ClInclude Include="InforMenuController.h">
      <Filter>Header Files</Filter>
    </ClInclude>
    <ClInclude Include="MenuFacade.h">
      <Filter>Header Files</Filter>
    </ClInclude>
    <ClInclude Include="ConsoleAudio.h">
      <Filter>Header Files</Filter>
    </ClInclude>
    <ClInclude Include="ConsoleRenderer.h">
      <Filter>Header Files</Filter>
    </ClInclude>
  </ItemGroup>
</Project>